
Microsoft Visual Studio Solution File, Format Version 12.00
# Visual Studio 15
VisualStudioVersion = 15.0.28307.960
MinimumVisualStudioVersion = 10.0.40219.1
Project("{FAE04EC0-301F-11D3-BF4B-00C04F79EFBC}") = "LagerLista", "MVVM_template\LagerLista.csproj", "{56657D5A-4949-4818-BF56-BB72B498139F}"
EndProject
Project("{FAE04EC0-301F-11D3-BF4B-00C04F79EFBC}") = "Domain", "Domain\Domain.csproj", "{B2A826D0-8621-4189-B4A1-F0BB414D119E}"
EndProject
Project("{FAE04EC0-301F-11D3-BF4B-00C04F79EFBC}") = "DatabaseBroker", "DatabaseBroker\DatabaseBroker.csproj", "{FA90CAB0-831A-470C-A519-5C2CDC739BE7}"
EndProject
Global
	GlobalSection(SolutionConfigurationPlatforms) = preSolution
		Debug|Any CPU = Debug|Any CPU
		Release|Any CPU = Release|Any CPU
	EndGlobalSection
	GlobalSection(ProjectConfigurationPlatforms) = postSolution
		{56657D5A-4949-4818-BF56-BB72B498139F}.Debug|Any CPU.ActiveCfg = Debug|Any CPU
		{56657D5A-4949-4818-BF56-BB72B498139F}.Debug|Any CPU.Build.0 = Debug|Any CPU
		{56657D5A-4949-4818-BF56-BB72B498139F}.Release|Any CPU.ActiveCfg = Release|Any CPU
		{56657D5A-4949-4818-BF56-BB72B498139F}.Release|Any CPU.Build.0 = Release|Any CPU
		{B2A826D0-8621-4189-B4A1-F0BB414D119E}.Debug|Any CPU.ActiveCfg = Debug|Any CPU
		{B2A826D0-8621-4189-B4A1-F0BB414D119E}.Debug|Any CPU.Build.0 = Debug|Any CPU
		{B2A826D0-8621-4189-B4A1-F0BB414D119E}.Release|Any CPU.ActiveCfg = Release|Any CPU
		{B2A826D0-8621-4189-B4A1-F0BB414D119E}.Release|Any CPU.Build.0 = Release|Any CPU
		{FA90CAB0-831A-470C-A519-5C2CDC739BE7}.Debug|Any CPU.ActiveCfg = Debug|Any CPU
		{FA90CAB0-831A-470C-A519-5C2CDC739BE7}.Debug|Any CPU.Build.0 = Debug|Any CPU
		{FA90CAB0-831A-470C-A519-5C2CDC739BE7}.Release|Any CPU.ActiveCfg = Release|Any CPU
		{FA90CAB0-831A-470C-A519-5C2CDC739BE7}.Release|Any CPU.Build.0 = Release|Any CPU
	EndGlobalSection
	GlobalSection(SolutionProperties) = preSolution
		HideSolutionNode = FALSE
	EndGlobalSection
	GlobalSection(ExtensibilityGlobals) = postSolution
		SolutionGuid = {9C47DA59-BCB2-4814-807D-B931905053B8}
	EndGlobalSection
EndGlobal
